
Microsoft Visual Studio Solution File, Format Version 12.00
# Visual Studio Version 16
VisualStudioVersion = 16.0.30621.155
MinimumVisualStudioVersion = 10.0.40219.1
Project("{8BC9CEB8-8B4A-11D0-8D11-00A0C91BC942}") = "Main", "Main\Main.vcxproj", "{DAB7D4B6-BEED-477E-A71D-383CD284EB36}"
EndProject
Project("{8BC9CEB8-8B4A-11D0-8D11-00A0C91BC942}") = "Lab_5A", "Lab_5A\Lab_5A.vcxproj", "{0130AB7D-B5D7-409F-A6B9-B95EFA0F1A7E}"
EndProject
Global
	GlobalSection(SolutionConfigurationPlatforms) = preSolution
		Debug|x64 = Debug|x64
		Debug|x86 = Debug|x86
		Release|x64 = Release|x64
		Release|x86 = Release|x86
	EndGlobalSection
	GlobalSection(ProjectConfigurationPlatforms) = postSolution
		{DAB7D4B6-BEED-477E-A71D-383CD284EB36}.Debug|x64.ActiveCfg = Debug|x64
		{DAB7D4B6-BEED-477E-A71D-383CD284EB36}.Debug|x64.Build.0 = Debug|x64
		{DAB7D4B6-BEED-477E-A71D-383CD284EB36}.Debug|x86.ActiveCfg = Debug|Win32
		{DAB7D4B6-BEED-477E-A71D-383CD284EB36}.Debug|x86.Build.0 = Debug|Win32
		{DAB7D4B6-BEED-477E-A71D-383CD284EB36}.Release|x64.ActiveCfg = Release|x64
		{DAB7D4B6-BEED-477E-A71D-383CD284EB36}.Release|x64.Build.0 = Release|x64
		{DAB7D4B6-BEED-477E-A71D-383CD284EB36}.Release|x86.ActiveCfg = Release|Win32
		{DAB7D4B6-BEED-477E-A71D-383CD284EB36}.Release|x86.Build.0 = Release|Win32
		{0130AB7D-B5D7-409F-A6B9-B95EFA0F1A7E}.Debug|x64.ActiveCfg = Debug|x64
		{0130AB7D-B5D7-409F-A6B9-B95EFA0F1A7E}.Debug|x64.Build.0 = Debug|x64
		{0130AB7D-B5D7-409F-A6B9-B95EFA0F1A7E}.Debug|x86.ActiveCfg = Debug|Win32
		{0130AB7D-B5D7-409F-A6B9-B95EFA0F1A7E}.Debug|x86.Build.0 = Debug|Win32
		{0130AB7D-B5D7-409F-A6B9-B95EFA0F1A7E}.Release|x64.ActiveCfg = Release|x64
		{0130AB7D-B5D7-409F-A6B9-B95EFA0F1A7E}.Release|x64.Build.0 = Release|x64
		{0130AB7D-B5D7-409F-A6B9-B95EFA0F1A7E}.Release|x86.ActiveCfg = Release|Win32
		{0130AB7D-B5D7-409F-A6B9-B95EFA0F1A7E}.Release|x86.Build.0 = Release|Win32
	EndGlobalSection
	GlobalSection(SolutionProperties) = preSolution
		HideSolutionNode = FALSE
	EndGlobalSection
	GlobalSection(ExtensibilityGlobals) = postSolution
		SolutionGuid = {572C6CCF-6DE3-4CA2-B4D1-C518D8F84B18}
	EndGlobalSection
EndGlobal
