
Microsoft Visual Studio Solution File, Format Version 12.00
# Visual Studio Version 16
VisualStudioVersion = 16.0.30621.155
MinimumVisualStudioVersion = 10.0.40219.1
Project("{8BC9CEB8-8B4A-11D0-8D11-00A0C91BC942}") = "Main", "Main\Main.vcxproj", "{B842E5C1-1905-4F97-BB6A-1DEDF617623B}"
EndProject
Global
	GlobalSection(SolutionConfigurationPlatforms) = preSolution
		Debug|x64 = Debug|x64
		Debug|x86 = Debug|x86
		Release|x64 = Release|x64
		Release|x86 = Release|x86
	EndGlobalSection
	GlobalSection(ProjectConfigurationPlatforms) = postSolution
		{B842E5C1-1905-4F97-BB6A-1DEDF617623B}.Debug|x64.ActiveCfg = Debug|x64
		{B842E5C1-1905-4F97-BB6A-1DEDF617623B}.Debug|x64.Build.0 = Debug|x64
		{B842E5C1-1905-4F97-BB6A-1DEDF617623B}.Debug|x86.ActiveCfg = Debug|Win32
		{B842E5C1-1905-4F97-BB6A-1DEDF617623B}.Debug|x86.Build.0 = Debug|Win32
		{B842E5C1-1905-4F97-BB6A-1DEDF617623B}.Release|x64.ActiveCfg = Release|x64
		{B842E5C1-1905-4F97-BB6A-1DEDF617623B}.Release|x64.Build.0 = Release|x64
		{B842E5C1-1905-4F97-BB6A-1DEDF617623B}.Release|x86.ActiveCfg = Release|Win32
		{B842E5C1-1905-4F97-BB6A-1DEDF617623B}.Release|x86.Build.0 = Release|Win32
	EndGlobalSection
	GlobalSection(SolutionProperties) = preSolution
		HideSolutionNode = FALSE
	EndGlobalSection
	GlobalSection(ExtensibilityGlobals) = postSolution
		SolutionGuid = {3DE1C589-4F35-4D7D-AADF-DA7680917BDE}
	EndGlobalSection
EndGlobal
